// !$*UTF8*$!
{
	archiveVersion = 1;
	classes = {
	};
	objectVersion = 56;
	objects = {

/* Begin PBXBuildFile section */
		F493742A2AFA21190015AE76 /* AppDelegate.swift in Sources */ = {isa = PBXBuildFile; fileRef = F49374292AFA21190015AE76 /* AppDelegate.swift */; };
		F493742C2AFA21190015AE76 /* SceneDelegate.swift in Sources */ = {isa = PBXBuildFile; fileRef = F493742B2AFA21190015AE76 /* SceneDelegate.swift */; };
		F493742E2AFA21190015AE76 /* ViewController.swift in Sources */ = {isa = PBXBuildFile; fileRef = F493742D2AFA21190015AE76 /* ViewController.swift */; };
		F49374312AFA21190015AE76 /* Main.storyboard in Resources */ = {isa = PBXBuildFile; fileRef = F493742F2AFA21190015AE76 /* Main.storyboard */; };
		F49374342AFA21190015AE76 /* Listeleme.xcdatamodeld in Sources */ = {isa = PBXBuildFile; fileRef = F49374322AFA21190015AE76 /* Listeleme.xcdatamodeld */; };
		F49374362AFA211B0015AE76 /* Assets.xcassets in Resources */ = {isa = PBXBuildFile; fileRef = F49374352AFA211B0015AE76 /* Assets.xcassets */; };
		F49374392AFA211B0015AE76 /* LaunchScreen.storyboard in Resources */ = {isa = PBXBuildFile; fileRef = F49374372AFA211B0015AE76 /* LaunchScreen.storyboard */; };
/* End PBXBuildFile section */

/* Begin PBXFileReference section */
		F49374262AFA21190015AE76 /* Listeleme.app */ = {isa = PBXFileReference; explicitFileType = wrapper.application; includeInIndex = 0; path = Listeleme.app; sourceTree = BUILT_PRODUCTS_DIR; };
		F49374292AFA21190015AE76 /* AppDelegate.swift */ = {isa = PBXFileReference; lastKnownFileType = sourcecode.swift; path = AppDelegate.swift; sourceTree = "<group>"; };
		F493742B2AFA21190015AE76 /* SceneDelegate.swift */ = {isa = PBXFileReference; lastKnownFileType = sourcecode.swift; path = SceneDelegate.swift; sourceTree = "<group>"; };
		F493742D2AFA21190015AE76 /* ViewController.swift */ = {isa = PBXFileReference; lastKnownFileType = sourcecode.swift; path = ViewController.swift; sourceTree = "<group>"; };
		F49374302AFA21190015AE76 /* Base */ = {isa = PBXFileReference; lastKnownFileType = file.storyboard; name = Base; path = Base.lproj/Main.storyboard; sourceTree = "<group>"; };
		F49374332AFA21190015AE76 /* Listeleme.xcdatamodel */ = {isa = PBXFileReference; lastKnownFileType = wrapper.xcdatamodel; path = Listeleme.xcdatamodel; sourceTree = "<group>"; };
		F49374352AFA211B0015AE76 /* Assets.xcassets */ = {isa = PBXFileReference; lastKnownFileType = folder.assetcatalog; path = Assets.xcassets; sourceTree = "<group>"; };
		F49374382AFA211B0015AE76 /* Base */ = {isa = PBXFileReference; lastKnownFileType = file.storyboard; name = Base; path = Base.lproj/LaunchScreen.storyboard; sourceTree = "<group>"; };
		F493743A2AFA211B0015AE76 /* Info.plist */ = {isa = PBXFileReference; lastKnownFileType = text.plist.xml; path = Info.plist; sourceTree = "<group>"; };
/* End PBXFileReference section */

/* Begin PBXFrameworksBuildPhase section */
		F49374232AFA21190015AE76 /* Frameworks */ = {
			isa = PBXFrameworksBuildPhase;
			buildActionMask = 2147483647;
			files = (
			);
			runOnlyForDeploymentPostprocessing = 0;
		};
/* End PBXFrameworksBuildPhase section */

/* Begin PBXGroup section */
		F493741D2AFA21190015AE76 = {
			isa = PBXGroup;
			children = (
				F49374282AFA21190015AE76 /* Listeleme */,
				F49374272AFA21190015AE76 /* Products */,
			);
			sourceTree = "<group>";
		};
		F49374272AFA21190015AE76 /* Products */ = {
			isa = PBXGroup;
			children = (
				F49374262AFA21190015AE76 /* Listeleme.app */,
			);
			name = Products;
			sourceTree = "<group>";
		};
		F49374282AFA21190015AE76 /* Listeleme */ = {
			isa = PBXGroup;
			children = (
				F49374422AFA215F0015AE76 /* Controllers */,
				F49374412AFA21540015AE76 /* Views */,
				F49374402AFA21290015AE76 /* Supporting Files */,
			);
			path = Listeleme;
			sourceTree = "<group>";
		};
		F49374402AFA21290015AE76 /* Supporting Files */ = {
			isa = PBXGroup;
			children = (
				F49374292AFA21190015AE76 /* AppDelegate.swift */,
				F493742B2AFA21190015AE76 /* SceneDelegate.swift */,
				F49374352AFA211B0015AE76 /* Assets.xcassets */,
				F49374372AFA211B0015AE76 /* LaunchScreen.storyboard */,
				F493743A2AFA211B0015AE76 /* Info.plist */,
				F49374322AFA21190015AE76 /* Listeleme.xcdatamodeld */,
			);
			path = "Supporting Files";
			sourceTree = "<group>";
		};
		F49374412AFA21540015AE76 /* Views */ = {
			isa = PBXGroup;
			children = (
				F493742F2AFA21190015AE76 /* Main.storyboard */,
			);
			path = Views;
			sourceTree = "<group>";
		};
		F49374422AFA215F0015AE76 /* Controllers */ = {
			isa = PBXGroup;
			children = (
				F493742D2AFA21190015AE76 /* ViewController.swift */,
			);
			path = Controllers;
			sourceTree = "<group>";
		};
/* End PBXGroup section */

/* Begin PBXNativeTarget section */
		F49374252AFA21190015AE76 /* Listeleme */ = {
			isa = PBXNativeTarget;
			buildConfigurationList = F493743D2AFA211B0015AE76 /* Build configuration list for PBXNativeTarget "Listeleme" */;
			buildPhases = (
				F49374222AFA21190015AE76 /* Sources */,
				F49374232AFA21190015AE76 /* Frameworks */,
				F49374242AFA21190015AE76 /* Resources */,
			);
			buildRules = (
			);
			dependencies = (
			);
			name = Listeleme;
			productName = Listeleme;
			productReference = F49374262AFA21190015AE76 /* Listeleme.app */;
			productType = "com.apple.product-type.application";
		};
/* End PBXNativeTarget section */

/* Begin PBXProject section */
		F493741E2AFA21190015AE76 /* Project object */ = {
			isa = PBXProject;
			attributes = {
				BuildIndependentTargetsInParallel = 1;
				LastSwiftUpdateCheck = 1500;
				LastUpgradeCheck = 1500;
				TargetAttributes = {
					F49374252AFA21190015AE76 = {
						CreatedOnToolsVersion = 15.0.1;
					};
				};
			};
			buildConfigurationList = F49374212AFA21190015AE76 /* Build configuration list for PBXProject "Listeleme" */;
			compatibilityVersion = "Xcode 14.0";
			developmentRegion = en;
			hasScannedForEncodings = 0;
			knownRegions = (
				en,
				Base,
			);
			mainGroup = F493741D2AFA21190015AE76;
			productRefGroup = F49374272AFA21190015AE76 /* Products */;
			projectDirPath = "";
			projectRoot = "";
			targets = (
				F49374252AFA21190015AE76 /* Listeleme */,
			);
		};
/* End PBXProject section */

/* Begin PBXResourcesBuildPhase section */
		F49374242AFA21190015AE76 /* Resources */ = {
			isa = PBXResourcesBuildPhase;
			buildActionMask = 2147483647;
			files = (
				F49374392AFA211B0015AE76 /* LaunchScreen.storyboard in Resources */,
				F49374362AFA211B0015AE76 /* Assets.xcassets in Resources */,
				F49374312AFA21190015AE76 /* Main.storyboard in Resources */,
			);
			runOnlyForDeploymentPostprocessing = 0;
		};
/* End PBXResourcesBuildPhase section */

/* Begin PBXSourcesBuildPhase section */
		F49374222AFA21190015AE76 /* Sources */ = {
			isa = PBXSourcesBuildPhase;
			buildActionMask = 2147483647;
			files = (
				F493742E2AFA21190015AE76 /* ViewController.swift in Sources */,
				F493742A2AFA21190015AE76 /* AppDelegate.swift in Sources */,
				F49374342AFA21190015AE76 /* Listeleme.xcdatamodeld in Sources */,
				F493742C2AFA21190015AE76 /* SceneDelegate.swift in Sources */,
			);
			runOnlyForDeploymentPostprocessing = 0;
		};
/* End PBXSourcesBuildPhase section */

/* Begin PBXVariantGroup section */
		F493742F2AFA21190015AE76 /* Main.storyboard */ = {
			isa = PBXVariantGroup;
			children = (
				F49374302AFA21190015AE76 /* Base */,
			);
			name = Main.storyboard;
			sourceTree = "<group>";
		};
		F49374372AFA211B0015AE76 /* LaunchScreen.storyboard */ = {
			isa = PBXVariantGroup;
			children = (
				F49374382AFA211B0015AE76 /* Base */,
			);
			name = LaunchScreen.storyboard;
			sourceTree = "<group>";
		};
/* End PBXVariantGroup section */

/* Begin XCBuildConfiguration section */
		F493743B2AFA211B0015AE76 /* Debug */ = {
			isa = XCBuildConfiguration;
			buildSettings = {
				ALWAYS_SEARCH_USER_PATHS = NO;
				ASSETCATALOG_COMPILER_GENERATE_SWIFT_ASSET_SYMBOL_EXTENSIONS = YES;
				CLANG_ANALYZER_NONNULL = YES;
				CLANG_ANALYZER_NUMBER_OBJECT_CONVERSION = YES_AGGRESSIVE;
				CLANG_CXX_LANGUAGE_STANDARD = "gnu++20";
				CLANG_ENABLE_MODULES = YES;
				CLANG_ENABLE_OBJC_ARC = YES;
				CLANG_ENABLE_OBJC_WEAK = YES;
				CLANG_WARN_BLOCK_CAPTURE_AUTORELEASING = YES;
				CLANG_WARN_BOOL_CONVERSION = YES;
				CLANG_WARN_COMMA = YES;
				CLANG_WARN_CONSTANT_CONVERSION = YES;
				CLANG_WARN_DEPRECATED_OBJC_IMPLEMENTATIONS = YES;
				CLANG_WARN_DIRECT_OBJC_ISA_USAGE = YES_ERROR;
				CLANG_WARN_DOCUMENTATION_COMMENTS = YES;
				CLANG_WARN_EMPTY_BODY = YES;
				CLANG_WARN_ENUM_CONVERSION = YES;
				CLANG_WARN_INFINITE_RECURSION = YES;
				CLANG_WARN_INT_CONVERSION = YES;
				CLANG_WARN_NON_LITERAL_NULL_CONVERSION = YES;
				CLANG_WARN_OBJC_IMPLICIT_RETAIN_SELF = YES;
				CLANG_WARN_OBJC_LITERAL_CONVERSION = YES;
				CLANG_WARN_OBJC_ROOT_CLASS = YES_ERROR;
				CLANG_WARN_QUOTED_INCLUDE_IN_FRAMEWORK_HEADER = YES;
				CLANG_WARN_RANGE_LOOP_ANALYSIS = YES;
				CLANG_WARN_STRICT_PROTOTYPES = YES;
				CLANG_WARN_SUSPICIOUS_MOVE = YES;
				CLANG_WARN_UNGUARDED_AVAILABILITY = YES_AGGRESSIVE;
				CLANG_WARN_UNREACHABLE_CODE = YES;
				CLANG_WARN__DUPLICATE_METHOD_MATCH = YES;
				COPY_PHASE_STRIP = NO;
				DEBUG_INFORMATION_FORMAT = dwarf;
				ENABLE_STRICT_OBJC_MSGSEND = YES;
				ENABLE_TESTABILITY = YES;
				ENABLE_USER_SCRIPT_SANDBOXING = YES;
				GCC_C_LANGUAGE_STANDARD = gnu17;
				GCC_DYNAMIC_NO_PIC = NO;
				GCC_NO_COMMON_BLOCKS = YES;
				GCC_OPTIMIZATION_LEVEL = 0;
				GCC_PREPROCESSOR_DEFINITIONS = (
					"DEBUG=1",
					"$(inherited)",
				);
				GCC_WARN_64_TO_32_BIT_CONVERSION = YES;
				GCC_WARN_ABOUT_RETURN_TYPE = YES_ERROR;
				GCC_WARN_UNDECLARED_SELECTOR = YES;
				GCC_WARN_UNINITIALIZED_AUTOS = YES_AGGRESSIVE;
				GCC_WARN_UNUSED_FUNCTION = YES;
				GCC_WARN_UNUSED_VARIABLE = YES;
				IPHONEOS_DEPLOYMENT_TARGET = 17.0;
				LOCALIZATION_PREFERS_STRING_CATALOGS = YES;
				MTL_ENABLE_DEBUG_INFO = INCLUDE_SOURCE;
				MTL_FAST_MATH = YES;
				ONLY_ACTIVE_ARCH = YES;
				SDKROOT = iphoneos;
				SWIFT_ACTIVE_COMPILATION_CONDITIONS = "DEBUG $(inherited)";
				SWIFT_OPTIMIZATION_LEVEL = "-Onone";
			};
			name = Debug;
		};
		F493743C2AFA211B0015AE76 /* Release */ = {
			isa = XCBuildConfiguration;
			buildSettings = {
				ALWAYS_SEARCH_USER_PATHS = NO;
				ASSETCATALOG_COMPILER_GENERATE_SWIFT_ASSET_SYMBOL_EXTENSIONS = YES;
				CLANG_ANALYZER_NONNULL = YES;
				CLANG_ANALYZER_NUMBER_OBJECT_CONVERSION = YES_AGGRESSIVE;
				CLANG_CXX_LANGUAGE_STANDARD = "gnu++20";
				CLANG_ENABLE_MODULES = YES;
				CLANG_ENABLE_OBJC_ARC = YES;
				CLANG_ENABLE_OBJC_WEAK = YES;
				CLANG_WARN_BLOCK_CAPTURE_AUTORELEASING = YES;
				CLANG_WARN_BOOL_CONVERSION = YES;
				CLANG_WARN_COMMA = YES;
				CLANG_WARN_CONSTANT_CONVERSION = YES;
				CLANG_WARN_DEPRECATED_OBJC_IMPLEMENTATIONS = YES;
				CLANG_WARN_DIRECT_OBJC_ISA_USAGE = YES_ERROR;
				CLANG_WARN_DOCUMENTATION_COMMENTS = YES;
				CLANG_WARN_EMPTY_BODY = YES;
				CLANG_WARN_ENUM_CONVERSION = YES;
				CLANG_WARN_INFINITE_RECURSION = YES;
				CLANG_WARN_INT_CONVERSION = YES;
				CLANG_WARN_NON_LITERAL_NULL_CONVERSION = YES;
				CLANG_WARN_OBJC_IMPLICIT_RETAIN_SELF = YES;
				CLANG_WARN_OBJC_LITERAL_CONVERSION = YES;
				CLANG_WARN_OBJC_ROOT_CLASS = YES_ERROR;
				CLANG_WARN_QUOTED_INCLUDE_IN_FRAMEWORK_HEADER = YES;
				CLANG_WARN_RANGE_LOOP_ANALYSIS = YES;
				CLANG_WARN_STRICT_PROTOTYPES = YES;
				CLANG_WARN_SUSPICIOUS_MOVE = YES;
				CLANG_WARN_UNGUARDED_AVAILABILITY = YES_AGGRESSIVE;
				CLANG_WARN_UNREACHABLE_CODE = YES;
				CLANG_WARN__DUPLICATE_METHOD_MATCH = YES;
				COPY_PHASE_STRIP = NO;
				DEBUG_INFORMATION_FORMAT = "dwarf-with-dsym";
				ENABLE_NS_ASSERTIONS = NO;
				ENABLE_STRICT_OBJC_MSGSEND = YES;
				ENABLE_USER_SCRIPT_SANDBOXING = YES;
				GCC_C_LANGUAGE_STANDARD = gnu17;
				GCC_NO_COMMON_BLOCKS = YES;
				GCC_WARN_64_TO_32_BIT_CONVERSION = YES;
				GCC_WARN_ABOUT_RETURN_TYPE = YES_ERROR;
				GCC_WARN_UNDECLARED_SELECTOR = YES;
				GCC_WARN_UNINITIALIZED_AUTOS = YES_AGGRESSIVE;
				GCC_WARN_UNUSED_FUNCTION = YES;
				GCC_WARN_UNUSED_VARIABLE = YES;
				IPHONEOS_DEPLOYMENT_TARGET = 17.0;
				LOCALIZATION_PREFERS_STRING_CATALOGS = YES;
				MTL_ENABLE_DEBUG_INFO = NO;
				MTL_FAST_MATH = YES;
				SDKROOT = iphoneos;
				SWIFT_COMPILATION_MODE = wholemodule;
				VALIDATE_PRODUCT = YES;
			};
			name = Release;
		};
		F493743E2AFA211B0015AE76 /* Debug */ = {
			isa = XCBuildConfiguration;
			buildSettings = {
				ASSETCATALOG_COMPILER_APPICON_NAME = AppIcon;
				ASSETCATALOG_COMPILER_GLOBAL_ACCENT_COLOR_NAME = AccentColor;
				CODE_SIGN_STYLE = Automatic;
				CURRENT_PROJECT_VERSION = 1;
				DEVELOPMENT_TEAM = VS86F4JTDX;
				GENERATE_INFOPLIST_FILE = YES;
				INFOPLIST_FILE = "Listeleme/Supporting Files/Info.plist";
				INFOPLIST_KEY_UIApplicationSupportsIndirectInputEvents = YES;
				INFOPLIST_KEY_UILaunchStoryboardName = LaunchScreen;
				INFOPLIST_KEY_UIMainStoryboardFile = Main;
				INFOPLIST_KEY_UISupportedInterfaceOrientations = UIInterfaceOrientationPortrait;
				INFOPLIST_KEY_UISupportedInterfaceOrientations_iPad = "UIInterfaceOrientationLandscapeLeft UIInterfaceOrientationLandscapeRight UIInterfaceOrientationPortrait UIInterfaceOrientationPortraitUpsideDown";
				IPHONEOS_DEPLOYMENT_TARGET = 15.0;
				LD_RUNPATH_SEARCH_PATHS = (
					"$(inherited)",
					"@executable_path/Frameworks",
				);
				MARKETING_VERSION = 1.0;
				PRODUCT_BUNDLE_IDENTIFIER = mcakir.Listeleme;
				PRODUCT_NAME = "$(TARGET_NAME)";
				SUPPORTED_PLATFORMS = "iphoneos iphonesimulator";
				SUPPORTS_MACCATALYST = NO;
				SWIFT_EMIT_LOC_STRINGS = YES;
				SWIFT_VERSION = 5.0;
				TARGETED_DEVICE_FAMILY = 1;
			};
			name = Debug;
		};
		F493743F2AFA211B0015AE76 /* Release */ = {
			isa = XCBuildConfiguration;
			buildSettings = {
				ASSETCATALOG_COMPILER_APPICON_NAME = AppIcon;
				ASSETCATALOG_COMPILER_GLOBAL_ACCENT_COLOR_NAME = AccentColor;
				CODE_SIGN_STYLE = Automatic;
				CURRENT_PROJECT_VERSION = 1;
				DEVELOPMENT_TEAM = VS86F4JTDX;
				GENERATE_INFOPLIST_FILE = YES;
				INFOPLIST_FILE = "Listeleme/Supporting Files/Info.plist";
				INFOPLIST_KEY_UIApplicationSupportsIndirectInputEvents = YES;
				INFOPLIST_KEY_UILaunchStoryboardName = LaunchScreen;
				INFOPLIST_KEY_UIMainStoryboardFile = Main;
				INFOPLIST_KEY_UISupportedInterfaceOrientations = UIInterfaceOrientationPortrait;
				INFOPLIST_KEY_UISupportedInterfaceOrientations_iPad = "UIInterfaceOrientationLandscapeLeft UIInterfaceOrientationLandscapeRight UIInterfaceOrientationPortrait UIInterfaceOrientationPortraitUpsideDown";
				IPHONEOS_DEPLOYMENT_TARGET = 15.0;
				LD_RUNPATH_SEARCH_PATHS = (
					"$(inherited)",
					"@executable_path/Frameworks",
				);
				MARKETING_VERSION = 1.0;
				PRODUCT_BUNDLE_IDENTIFIER = mcakir.Listeleme;
				PRODUCT_NAME = "$(TARGET_NAME)";
				SUPPORTED_PLATFORMS = "iphoneos iphonesimulator";
				SUPPORTS_MACCATALYST = NO;
				SWIFT_EMIT_LOC_STRINGS = YES;
				SWIFT_VERSION = 5.0;
				TARGETED_DEVICE_FAMILY = 1;
			};
			name = Release;
		};
/* End XCBuildConfiguration section */

/* Begin XCConfigurationList section */
		F49374212AFA21190015AE76 /* Build configuration list for PBXProject "Listeleme" */ = {
			isa = XCConfigurationList;
			buildConfigurations = (
				F493743B2AFA211B0015AE76 /* Debug */,
				F493743C2AFA211B0015AE76 /* Release */,
			);
			defaultConfigurationIsVisible = 0;
			defaultConfigurationName = Release;
		};
		F493743D2AFA211B0015AE76 /* Build configuration list for PBXNativeTarget "Listeleme" */ = {
			isa = XCConfigurationList;
			buildConfigurations = (
				F493743E2AFA211B0015AE76 /* Debug */,
				F493743F2AFA211B0015AE76 /* Release */,
			);
			defaultConfigurationIsVisible = 0;
			defaultConfigurationName = Release;
		};
/* End XCConfigurationList section */

/* Begin XCVersionGroup section */
		F49374322AFA21190015AE76 /* Listeleme.xcdatamodeld */ = {
			isa = XCVersionGroup;
			children = (
				F49374332AFA21190015AE76 /* Listeleme.xcdatamodel */,
			);
			currentVersion = F49374332AFA21190015AE76 /* Listeleme.xcdatamodel */;
			path = Listeleme.xcdatamodeld;
			sourceTree = "<group>";
			versionGroupType = wrapper.xcdatamodel;
		};
/* End XCVersionGroup section */
	};
	rootObject = F493741E2AFA21190015AE76 /* Project object */;
}
